
Microsoft Visual Studio Solution File, Format Version 12.00
# Visual Studio Version 17
VisualStudioVersion = 17.11.35303.130
MinimumVisualStudioVersion = 10.0.40219.1
Project("{FAE04EC0-301F-11D3-BF4B-00C04F79EFBC}") = "SmartAttend", "SmartAttend\SmartAttend.csproj", "{6B31E57C-1066-4991-9D2B-38D995C74A89}"
EndProject
Global
	GlobalSection(SolutionConfigurationPlatforms) = preSolution
		Debug|Any CPU = Debug|Any CPU
		Release|Any CPU = Release|Any CPU
	EndGlobalSection
	GlobalSection(ProjectConfigurationPlatforms) = postSolution
		{6B31E57C-1066-4991-9D2B-38D995C74A89}.Debug|Any CPU.ActiveCfg = Debug|Any CPU
		{6B31E57C-1066-4991-9D2B-38D995C74A89}.Debug|Any CPU.Build.0 = Debug|Any CPU
		{6B31E57C-1066-4991-9D2B-38D995C74A89}.Release|Any CPU.ActiveCfg = Release|Any CPU
		{6B31E57C-1066-4991-9D2B-38D995C74A89}.Release|Any CPU.Build.0 = Release|Any CPU
	EndGlobalSection
	GlobalSection(SolutionProperties) = preSolution
		HideSolutionNode = FALSE
	EndGlobalSection
	GlobalSection(ExtensibilityGlobals) = postSolution
		SolutionGuid = {FA04ECB2-6EDA-45A1-BD2A-CB6322079D2B}
	EndGlobalSection
EndGlobal
